
Microsoft Visual Studio Solution File, Format Version 12.00
# Visual Studio 15
VisualStudioVersion = 15.0.26430.16
MinimumVisualStudioVersion = 10.0.40219.1
Project("{FAE04EC0-301F-11D3-BF4B-00C04F79EFBC}") = "DemoBot", "DemoBot\DemoBot.csproj", "{CE682543-C854-43E6-8BC7-E3069339DCA2}"
EndProject
Project("{FAE04EC0-301F-11D3-BF4B-00C04F79EFBC}") = "Data", "Data\Data.csproj", "{9FC5C31D-2825-4189-B765-B48E71AD4C69}"
EndProject
Global
	GlobalSection(SolutionConfigurationPlatforms) = preSolution
		Debug|Any CPU = Debug|Any CPU
		Release|Any CPU = Release|Any CPU
	EndGlobalSection
	GlobalSection(ProjectConfigurationPlatforms) = postSolution
		{CE682543-C854-43E6-8BC7-E3069339DCA2}.Debug|Any CPU.ActiveCfg = Debug|Any CPU
		{CE682543-C854-43E6-8BC7-E3069339DCA2}.Debug|Any CPU.Build.0 = Debug|Any CPU
		{CE682543-C854-43E6-8BC7-E3069339DCA2}.Release|Any CPU.ActiveCfg = Release|Any CPU
		{CE682543-C854-43E6-8BC7-E3069339DCA2}.Release|Any CPU.Build.0 = Release|Any CPU
		{9FC5C31D-2825-4189-B765-B48E71AD4C69}.Debug|Any CPU.ActiveCfg = Debug|Any CPU
		{9FC5C31D-2825-4189-B765-B48E71AD4C69}.Debug|Any CPU.Build.0 = Debug|Any CPU
		{9FC5C31D-2825-4189-B765-B48E71AD4C69}.Release|Any CPU.ActiveCfg = Release|Any CPU
		{9FC5C31D-2825-4189-B765-B48E71AD4C69}.Release|Any CPU.Build.0 = Release|Any CPU
	EndGlobalSection
	GlobalSection(SolutionProperties) = preSolution
		HideSolutionNode = FALSE
	EndGlobalSection
EndGlobal
